Microsoft Visual Studio Solution File, Format Version 12.00
# Visual Studio 15
Project("{8BC9CEB8-8B4A-11D0-8D11-00A0C91BC942}") = "ALL_BUILD", "ALL_BUILD.vcxproj", "{1D74114A-FAEB-3E09-B5C9-B0D2DBDC6EB0}"
	ProjectSection(ProjectDependencies) = postProject
		{B5B154ED-D3EE-3404-B5C5-5EC4664401E6} = {B5B154ED-D3EE-3404-B5C5-5EC4664401E6}
		{DFAAC43C-97D8-36BA-9727-C650A5D2B000} = {DFAAC43C-97D8-36BA-9727-C650A5D2B000}
	EndProjectSection
EndProject
Project("{8BC9CEB8-8B4A-11D0-8D11-00A0C91BC942}") = "ZERO_CHECK", "ZERO_CHECK.vcxproj", "{B5B154ED-D3EE-3404-B5C5-5EC4664401E6}"
	ProjectSection(ProjectDependencies) = postProject
	EndProjectSection
EndProject
Project("{8BC9CEB8-8B4A-11D0-8D11-00A0C91BC942}") = "grains", "grains.vcxproj", "{DFAAC43C-97D8-36BA-9727-C650A5D2B000}"
	ProjectSection(ProjectDependencies) = postProject
		{B5B154ED-D3EE-3404-B5C5-5EC4664401E6} = {B5B154ED-D3EE-3404-B5C5-5EC4664401E6}
	EndProjectSection
EndProject
Global
	GlobalSection(SolutionConfigurationPlatforms) = preSolution
		Debug|x64 = Debug|x64
		Release|x64 = Release|x64
		MinSizeRel|x64 = MinSizeRel|x64
		RelWithDebInfo|x64 = RelWithDebInfo|x64
	EndGlobalSection
	GlobalSection(ProjectConfigurationPlatforms) = postSolution
		{1D74114A-FAEB-3E09-B5C9-B0D2DBDC6EB0}.Debug|x64.ActiveCfg = Debug|x64
		{1D74114A-FAEB-3E09-B5C9-B0D2DBDC6EB0}.Release|x64.ActiveCfg = Release|x64
		{1D74114A-FAEB-3E09-B5C9-B0D2DBDC6EB0}.MinSizeRel|x64.ActiveCfg = MinSizeRel|x64
		{1D74114A-FAEB-3E09-B5C9-B0D2DBDC6EB0}.RelWithDebInfo|x64.ActiveCfg = RelWithDebInfo|x64
		{B5B154ED-D3EE-3404-B5C5-5EC4664401E6}.Debug|x64.ActiveCfg = Debug|x64
		{B5B154ED-D3EE-3404-B5C5-5EC4664401E6}.Debug|x64.Build.0 = Debug|x64
		{B5B154ED-D3EE-3404-B5C5-5EC4664401E6}.Release|x64.ActiveCfg = Release|x64
		{B5B154ED-D3EE-3404-B5C5-5EC4664401E6}.Release|x64.Build.0 = Release|x64
		{B5B154ED-D3EE-3404-B5C5-5EC4664401E6}.MinSizeRel|x64.ActiveCfg = MinSizeRel|x64
		{B5B154ED-D3EE-3404-B5C5-5EC4664401E6}.MinSizeRel|x64.Build.0 = MinSizeRel|x64
		{B5B154ED-D3EE-3404-B5C5-5EC4664401E6}.RelWithDebInfo|x64.ActiveCfg = RelWithDebInfo|x64
		{B5B154ED-D3EE-3404-B5C5-5EC4664401E6}.RelWithDebInfo|x64.Build.0 = RelWithDebInfo|x64
		{DFAAC43C-97D8-36BA-9727-C650A5D2B000}.Debug|x64.ActiveCfg = Debug|x64
		{DFAAC43C-97D8-36BA-9727-C650A5D2B000}.Debug|x64.Build.0 = Debug|x64
		{DFAAC43C-97D8-36BA-9727-C650A5D2B000}.Release|x64.ActiveCfg = Release|x64
		{DFAAC43C-97D8-36BA-9727-C650A5D2B000}.Release|x64.Build.0 = Release|x64
		{DFAAC43C-97D8-36BA-9727-C650A5D2B000}.MinSizeRel|x64.ActiveCfg = MinSizeRel|x64
		{DFAAC43C-97D8-36BA-9727-C650A5D2B000}.MinSizeRel|x64.Build.0 = MinSizeRel|x64
		{DFAAC43C-97D8-36BA-9727-C650A5D2B000}.RelWithDebInfo|x64.ActiveCfg = RelWithDebInfo|x64
		{DFAAC43C-97D8-36BA-9727-C650A5D2B000}.RelWithDebInfo|x64.Build.0 = RelWithDebInfo|x64
	EndGlobalSection
	GlobalSection(ExtensibilityGlobals) = postSolution
		SolutionGuid = {E6E49B0F-6E39-361E-AE21-8DEE29861A09}
	EndGlobalSection
	GlobalSection(ExtensibilityAddIns) = postSolution
	EndGlobalSection
EndGlobal
