Microsoft Visual Studio Solution File, Format Version 12.00
# Visual Studio 15
Project("{8BC9CEB8-8B4A-11D0-8D11-00A0C91BC942}") = "ALL_BUILD", "ALL_BUILD.vcxproj", "{F5D23F51-2ADB-331F-8979-2424F098F016}"
	ProjectSection(ProjectDependencies) = postProject
		{DE5D2438-5D98-3761-822B-997CD5DCA41D} = {DE5D2438-5D98-3761-822B-997CD5DCA41D}
		{AFE9FF57-F304-353C-8A41-AEA07C2347DE} = {AFE9FF57-F304-353C-8A41-AEA07C2347DE}
	EndProjectSection
EndProject
Project("{8BC9CEB8-8B4A-11D0-8D11-00A0C91BC942}") = "ZERO_CHECK", "ZERO_CHECK.vcxproj", "{DE5D2438-5D98-3761-822B-997CD5DCA41D}"
	ProjectSection(ProjectDependencies) = postProject
	EndProjectSection
EndProject
Project("{8BC9CEB8-8B4A-11D0-8D11-00A0C91BC942}") = "roman-numerals", "roman-numerals.vcxproj", "{AFE9FF57-F304-353C-8A41-AEA07C2347DE}"
	ProjectSection(ProjectDependencies) = postProject
		{DE5D2438-5D98-3761-822B-997CD5DCA41D} = {DE5D2438-5D98-3761-822B-997CD5DCA41D}
	EndProjectSection
EndProject
Global
	GlobalSection(SolutionConfigurationPlatforms) = preSolution
		Debug|x64 = Debug|x64
		Release|x64 = Release|x64
		MinSizeRel|x64 = MinSizeRel|x64
		RelWithDebInfo|x64 = RelWithDebInfo|x64
	EndGlobalSection
	GlobalSection(ProjectConfigurationPlatforms) = postSolution
		{F5D23F51-2ADB-331F-8979-2424F098F016}.Debug|x64.ActiveCfg = Debug|x64
		{F5D23F51-2ADB-331F-8979-2424F098F016}.Release|x64.ActiveCfg = Release|x64
		{F5D23F51-2ADB-331F-8979-2424F098F016}.MinSizeRel|x64.ActiveCfg = MinSizeRel|x64
		{F5D23F51-2ADB-331F-8979-2424F098F016}.RelWithDebInfo|x64.ActiveCfg = RelWithDebInfo|x64
		{DE5D2438-5D98-3761-822B-997CD5DCA41D}.Debug|x64.ActiveCfg = Debug|x64
		{DE5D2438-5D98-3761-822B-997CD5DCA41D}.Debug|x64.Build.0 = Debug|x64
		{DE5D2438-5D98-3761-822B-997CD5DCA41D}.Release|x64.ActiveCfg = Release|x64
		{DE5D2438-5D98-3761-822B-997CD5DCA41D}.Release|x64.Build.0 = Release|x64
		{DE5D2438-5D98-3761-822B-997CD5DCA41D}.MinSizeRel|x64.ActiveCfg = MinSizeRel|x64
		{DE5D2438-5D98-3761-822B-997CD5DCA41D}.MinSizeRel|x64.Build.0 = MinSizeRel|x64
		{DE5D2438-5D98-3761-822B-997CD5DCA41D}.RelWithDebInfo|x64.ActiveCfg = RelWithDebInfo|x64
		{DE5D2438-5D98-3761-822B-997CD5DCA41D}.RelWithDebInfo|x64.Build.0 = RelWithDebInfo|x64
		{AFE9FF57-F304-353C-8A41-AEA07C2347DE}.Debug|x64.ActiveCfg = Debug|x64
		{AFE9FF57-F304-353C-8A41-AEA07C2347DE}.Debug|x64.Build.0 = Debug|x64
		{AFE9FF57-F304-353C-8A41-AEA07C2347DE}.Release|x64.ActiveCfg = Release|x64
		{AFE9FF57-F304-353C-8A41-AEA07C2347DE}.Release|x64.Build.0 = Release|x64
		{AFE9FF57-F304-353C-8A41-AEA07C2347DE}.MinSizeRel|x64.ActiveCfg = MinSizeRel|x64
		{AFE9FF57-F304-353C-8A41-AEA07C2347DE}.MinSizeRel|x64.Build.0 = MinSizeRel|x64
		{AFE9FF57-F304-353C-8A41-AEA07C2347DE}.RelWithDebInfo|x64.ActiveCfg = RelWithDebInfo|x64
		{AFE9FF57-F304-353C-8A41-AEA07C2347DE}.RelWithDebInfo|x64.Build.0 = RelWithDebInfo|x64
	EndGlobalSection
	GlobalSection(ExtensibilityGlobals) = postSolution
		SolutionGuid = {87203A73-74DC-3D4E-AB94-056F6542787D}
	EndGlobalSection
	GlobalSection(ExtensibilityAddIns) = postSolution
	EndGlobalSection
EndGlobal
