Microsoft Visual Studio Solution File, Format Version 12.00
# Visual Studio 15
Project("{8BC9CEB8-8B4A-11D0-8D11-00A0C91BC942}") = "ALL_BUILD", "ALL_BUILD.vcxproj", "{376D4B6A-8CCA-3BAB-9174-A510A607E0EA}"
	ProjectSection(ProjectDependencies) = postProject
		{78FD7AE9-1090-3898-A83E-55B5D8947D5A} = {78FD7AE9-1090-3898-A83E-55B5D8947D5A}
		{771435A7-31D9-35BF-853D-1B908A6DACEE} = {771435A7-31D9-35BF-853D-1B908A6DACEE}
	EndProjectSection
EndProject
Project("{8BC9CEB8-8B4A-11D0-8D11-00A0C91BC942}") = "ZERO_CHECK", "ZERO_CHECK.vcxproj", "{78FD7AE9-1090-3898-A83E-55B5D8947D5A}"
	ProjectSection(ProjectDependencies) = postProject
	EndProjectSection
EndProject
Project("{8BC9CEB8-8B4A-11D0-8D11-00A0C91BC942}") = "bracket-push", "bracket-push.vcxproj", "{771435A7-31D9-35BF-853D-1B908A6DACEE}"
	ProjectSection(ProjectDependencies) = postProject
		{78FD7AE9-1090-3898-A83E-55B5D8947D5A} = {78FD7AE9-1090-3898-A83E-55B5D8947D5A}
	EndProjectSection
EndProject
Global
	GlobalSection(SolutionConfigurationPlatforms) = preSolution
		Debug|x64 = Debug|x64
		Release|x64 = Release|x64
		MinSizeRel|x64 = MinSizeRel|x64
		RelWithDebInfo|x64 = RelWithDebInfo|x64
	EndGlobalSection
	GlobalSection(ProjectConfigurationPlatforms) = postSolution
		{376D4B6A-8CCA-3BAB-9174-A510A607E0EA}.Debug|x64.ActiveCfg = Debug|x64
		{376D4B6A-8CCA-3BAB-9174-A510A607E0EA}.Release|x64.ActiveCfg = Release|x64
		{376D4B6A-8CCA-3BAB-9174-A510A607E0EA}.MinSizeRel|x64.ActiveCfg = MinSizeRel|x64
		{376D4B6A-8CCA-3BAB-9174-A510A607E0EA}.RelWithDebInfo|x64.ActiveCfg = RelWithDebInfo|x64
		{78FD7AE9-1090-3898-A83E-55B5D8947D5A}.Debug|x64.ActiveCfg = Debug|x64
		{78FD7AE9-1090-3898-A83E-55B5D8947D5A}.Debug|x64.Build.0 = Debug|x64
		{78FD7AE9-1090-3898-A83E-55B5D8947D5A}.Release|x64.ActiveCfg = Release|x64
		{78FD7AE9-1090-3898-A83E-55B5D8947D5A}.Release|x64.Build.0 = Release|x64
		{78FD7AE9-1090-3898-A83E-55B5D8947D5A}.MinSizeRel|x64.ActiveCfg = MinSizeRel|x64
		{78FD7AE9-1090-3898-A83E-55B5D8947D5A}.MinSizeRel|x64.Build.0 = MinSizeRel|x64
		{78FD7AE9-1090-3898-A83E-55B5D8947D5A}.RelWithDebInfo|x64.ActiveCfg = RelWithDebInfo|x64
		{78FD7AE9-1090-3898-A83E-55B5D8947D5A}.RelWithDebInfo|x64.Build.0 = RelWithDebInfo|x64
		{771435A7-31D9-35BF-853D-1B908A6DACEE}.Debug|x64.ActiveCfg = Debug|x64
		{771435A7-31D9-35BF-853D-1B908A6DACEE}.Debug|x64.Build.0 = Debug|x64
		{771435A7-31D9-35BF-853D-1B908A6DACEE}.Release|x64.ActiveCfg = Release|x64
		{771435A7-31D9-35BF-853D-1B908A6DACEE}.Release|x64.Build.0 = Release|x64
		{771435A7-31D9-35BF-853D-1B908A6DACEE}.MinSizeRel|x64.ActiveCfg = MinSizeRel|x64
		{771435A7-31D9-35BF-853D-1B908A6DACEE}.MinSizeRel|x64.Build.0 = MinSizeRel|x64
		{771435A7-31D9-35BF-853D-1B908A6DACEE}.RelWithDebInfo|x64.ActiveCfg = RelWithDebInfo|x64
		{771435A7-31D9-35BF-853D-1B908A6DACEE}.RelWithDebInfo|x64.Build.0 = RelWithDebInfo|x64
	EndGlobalSection
	GlobalSection(ExtensibilityGlobals) = postSolution
		SolutionGuid = {6CADA1B0-24BC-3D17-ADBF-7052ECD1C495}
	EndGlobalSection
	GlobalSection(ExtensibilityAddIns) = postSolution
	EndGlobalSection
EndGlobal
