Microsoft Visual Studio Solution File, Format Version 12.00
# Visual Studio 15
Project("{8BC9CEB8-8B4A-11D0-8D11-00A0C91BC942}") = "ALL_BUILD", "ALL_BUILD.vcxproj", "{124D44FA-E30F-3545-AB9F-548C45B1F413}"
	ProjectSection(ProjectDependencies) = postProject
		{6F8CF974-182D-3100-B448-7B584204C098} = {6F8CF974-182D-3100-B448-7B584204C098}
		{9D3A0260-9271-3EE9-9C7E-1D751A27C9DF} = {9D3A0260-9271-3EE9-9C7E-1D751A27C9DF}
	EndProjectSection
EndProject
Project("{8BC9CEB8-8B4A-11D0-8D11-00A0C91BC942}") = "ZERO_CHECK", "ZERO_CHECK.vcxproj", "{6F8CF974-182D-3100-B448-7B584204C098}"
	ProjectSection(ProjectDependencies) = postProject
	EndProjectSection
EndProject
Project("{8BC9CEB8-8B4A-11D0-8D11-00A0C91BC942}") = "pangram", "pangram.vcxproj", "{9D3A0260-9271-3EE9-9C7E-1D751A27C9DF}"
	ProjectSection(ProjectDependencies) = postProject
		{6F8CF974-182D-3100-B448-7B584204C098} = {6F8CF974-182D-3100-B448-7B584204C098}
	EndProjectSection
EndProject
Global
	GlobalSection(SolutionConfigurationPlatforms) = preSolution
		Debug|x64 = Debug|x64
		Release|x64 = Release|x64
		MinSizeRel|x64 = MinSizeRel|x64
		RelWithDebInfo|x64 = RelWithDebInfo|x64
	EndGlobalSection
	GlobalSection(ProjectConfigurationPlatforms) = postSolution
		{124D44FA-E30F-3545-AB9F-548C45B1F413}.Debug|x64.ActiveCfg = Debug|x64
		{124D44FA-E30F-3545-AB9F-548C45B1F413}.Release|x64.ActiveCfg = Release|x64
		{124D44FA-E30F-3545-AB9F-548C45B1F413}.MinSizeRel|x64.ActiveCfg = MinSizeRel|x64
		{124D44FA-E30F-3545-AB9F-548C45B1F413}.RelWithDebInfo|x64.ActiveCfg = RelWithDebInfo|x64
		{6F8CF974-182D-3100-B448-7B584204C098}.Debug|x64.ActiveCfg = Debug|x64
		{6F8CF974-182D-3100-B448-7B584204C098}.Debug|x64.Build.0 = Debug|x64
		{6F8CF974-182D-3100-B448-7B584204C098}.Release|x64.ActiveCfg = Release|x64
		{6F8CF974-182D-3100-B448-7B584204C098}.Release|x64.Build.0 = Release|x64
		{6F8CF974-182D-3100-B448-7B584204C098}.MinSizeRel|x64.ActiveCfg = MinSizeRel|x64
		{6F8CF974-182D-3100-B448-7B584204C098}.MinSizeRel|x64.Build.0 = MinSizeRel|x64
		{6F8CF974-182D-3100-B448-7B584204C098}.RelWithDebInfo|x64.ActiveCfg = RelWithDebInfo|x64
		{6F8CF974-182D-3100-B448-7B584204C098}.RelWithDebInfo|x64.Build.0 = RelWithDebInfo|x64
		{9D3A0260-9271-3EE9-9C7E-1D751A27C9DF}.Debug|x64.ActiveCfg = Debug|x64
		{9D3A0260-9271-3EE9-9C7E-1D751A27C9DF}.Debug|x64.Build.0 = Debug|x64
		{9D3A0260-9271-3EE9-9C7E-1D751A27C9DF}.Release|x64.ActiveCfg = Release|x64
		{9D3A0260-9271-3EE9-9C7E-1D751A27C9DF}.Release|x64.Build.0 = Release|x64
		{9D3A0260-9271-3EE9-9C7E-1D751A27C9DF}.MinSizeRel|x64.ActiveCfg = MinSizeRel|x64
		{9D3A0260-9271-3EE9-9C7E-1D751A27C9DF}.MinSizeRel|x64.Build.0 = MinSizeRel|x64
		{9D3A0260-9271-3EE9-9C7E-1D751A27C9DF}.RelWithDebInfo|x64.ActiveCfg = RelWithDebInfo|x64
		{9D3A0260-9271-3EE9-9C7E-1D751A27C9DF}.RelWithDebInfo|x64.Build.0 = RelWithDebInfo|x64
	EndGlobalSection
	GlobalSection(ExtensibilityGlobals) = postSolution
		SolutionGuid = {82BC8C4B-1E29-3671-830B-2AC601068ACD}
	EndGlobalSection
	GlobalSection(ExtensibilityAddIns) = postSolution
	EndGlobalSection
EndGlobal
